{
    "_readme": [
        "This file locks the dependencies of your project to a known state",
        "Read more about it at https://getcomposer.org/doc/01-basic-usage.md#installing-dependencies",
        "This file is @generated automatically"
    ],
    "content-hash": "79f87ed24fa908d10875b8851dc80299",
    "packages": [
        {
            "name": "minicli/minicli",
            "version": "1.0.6",
            "source": {
                "type": "git",
                "url": "https://github.com/minicli/minicli.git",
                "reference": "a38713ad66be3de92e305fbfd49b36699ee749d6"
            },
            "dist": {
                "type": "zip",
                "url": "https://api.github.com/repos/minicli/minicli/zipball/a38713ad66be3de92e305fbfd49b36699ee749d6",
                "reference": "a38713ad66be3de92e305fbfd49b36699ee749d6",
                "shasum": ""
            },
            "require": {
                "ext-readline": "*"
            },
            "type": "library",
            "autoload": {
                "psr-4": {
                    "Minicli\\": "lib/"
                }
            },
            "notification-url": "https://packagist.org/downloads/",
            "license": [
                "MIT"
            ],
            "description": "Mini CLI-only Experimental PHP Framework",
            "homepage": "https://github.com/erikaheidi/minicli",
            "keywords": [
                "cli",
                "command-line"
            ],
            "time": "2019-12-18T21:10:44+00:00"
        }
    ],
    "packages-dev": [],
    "aliases": [],
    "minimum-stability": "stable",
    "stability-flags": [],
    "prefer-stable": false,
    "prefer-lowest": false,
    "platform": {
        "ext-json": "*"
    },
    "platform-dev": []
}
