{
    "_readme": [
        "This file locks the dependencies of your project to a known state",
        "Read more about it at https://getcomposer.org/doc/01-basic-usage.md#installing-dependencies",
        "This file is @generated automatically"
    ],
    "content-hash": "a837d012a53b0ea99eda38212dff9d30",
    "packages": [
        {
            "name": "minicli/minicli",
            "version": "1.0.4",
            "source": {
                "type": "git",
                "url": "https://github.com/minicli/minicli.git",
                "reference": "5e5d35519d131a9eeef0b6d7d41b4127443c8a64"
            },
            "dist": {
                "type": "zip",
                "url": "https://api.github.com/repos/minicli/minicli/zipball/5e5d35519d131a9eeef0b6d7d41b4127443c8a64",
                "reference": "5e5d35519d131a9eeef0b6d7d41b4127443c8a64",
                "shasum": ""
            },
            "type": "library",
            "autoload": {
                "psr-4": {
                    "Minicli\\": "lib/"
                }
            },
            "notification-url": "https://packagist.org/downloads/",
            "license": [
                "MIT"
            ],
            "description": "Dependency-free CLI AppKit",
            "homepage": "https://github.com/erikaheidi/minicli",
            "keywords": [
                "cli",
                "command-line"
            ],
            "time": "2019-12-16T14:30:36+00:00"
        }
    ],
    "packages-dev": [],
    "aliases": [],
    "minimum-stability": "stable",
    "stability-flags": [],
    "prefer-stable": false,
    "prefer-lowest": false,
    "platform": [],
    "platform-dev": []
}
